
Microsoft Visual Studio Solution File, Format Version 12.00
# Visual Studio 15
VisualStudioVersion = 15.0.26020.0
MinimumVisualStudioVersion = 10.0.40219.1
Project("{FAE04EC0-301F-11D3-BF4B-00C04F79EFBC}") = "ObserverPattern", "ObserverPattern\ObserverPattern.csproj", "{C8F143B1-DECB-47E4-A415-E63C7663B1E0}"
EndProject
Project("{2150E333-8FDC-42A3-9474-1A3956D46DE8}") = "01.Strategy Pattern", "01.Strategy Pattern", "{5D1C7526-6D1A-4D2D-9DE4-57CB0C132ADA}"
EndProject
Project("{2150E333-8FDC-42A3-9474-1A3956D46DE8}") = "02.Observer Pattern", "02.Observer Pattern", "{48FE8255-A671-46A9-999E-D3F0EE88CB7E}"
EndProject
Project("{FAE04EC0-301F-11D3-BF4B-00C04F79EFBC}") = "StrategyPattern", "StrategyPattern\StrategyPattern.csproj", "{2C4F4913-1404-4210-A842-1942C9121555}"
EndProject
Project("{2150E333-8FDC-42A3-9474-1A3956D46DE8}") = "03.Decorator Pattern", "03.Decorator Pattern", "{A7E47DA7-198F-4AE1-9AF8-5A185E61E48E}"
EndProject
Project("{FAE04EC0-301F-11D3-BF4B-00C04F79EFBC}") = "DecoratorPattern", "DecoratorPattern\DecoratorPattern.csproj", "{7F8EF84A-E37C-4186-9E9A-8D634F851B8D}"
EndProject
Project("{2150E333-8FDC-42A3-9474-1A3956D46DE8}") = "04.Factory Pattern-simple", "04.Factory Pattern-simple", "{6470C65C-D63E-49FD-8E00-3FB842ED757E}"
EndProject
Project("{FAE04EC0-301F-11D3-BF4B-00C04F79EFBC}") = "FactoryPattern", "FactoryPattern\FactoryPattern.csproj", "{1BEE3F5C-36C9-4860-9EAD-FC32225937ED}"
EndProject
Global
	GlobalSection(SolutionConfigurationPlatforms) = preSolution
		Debug|Any CPU = Debug|Any CPU
		Release|Any CPU = Release|Any CPU
	EndGlobalSection
	GlobalSection(ProjectConfigurationPlatforms) = postSolution
		{C8F143B1-DECB-47E4-A415-E63C7663B1E0}.Debug|Any CPU.ActiveCfg = Debug|Any CPU
		{C8F143B1-DECB-47E4-A415-E63C7663B1E0}.Debug|Any CPU.Build.0 = Debug|Any CPU
		{C8F143B1-DECB-47E4-A415-E63C7663B1E0}.Release|Any CPU.ActiveCfg = Release|Any CPU
		{C8F143B1-DECB-47E4-A415-E63C7663B1E0}.Release|Any CPU.Build.0 = Release|Any CPU
		{2C4F4913-1404-4210-A842-1942C9121555}.Debug|Any CPU.ActiveCfg = Debug|Any CPU
		{2C4F4913-1404-4210-A842-1942C9121555}.Debug|Any CPU.Build.0 = Debug|Any CPU
		{2C4F4913-1404-4210-A842-1942C9121555}.Release|Any CPU.ActiveCfg = Release|Any CPU
		{2C4F4913-1404-4210-A842-1942C9121555}.Release|Any CPU.Build.0 = Release|Any CPU
		{7F8EF84A-E37C-4186-9E9A-8D634F851B8D}.Debug|Any CPU.ActiveCfg = Debug|Any CPU
		{7F8EF84A-E37C-4186-9E9A-8D634F851B8D}.Debug|Any CPU.Build.0 = Debug|Any CPU
		{7F8EF84A-E37C-4186-9E9A-8D634F851B8D}.Release|Any CPU.ActiveCfg = Release|Any CPU
		{7F8EF84A-E37C-4186-9E9A-8D634F851B8D}.Release|Any CPU.Build.0 = Release|Any CPU
		{1BEE3F5C-36C9-4860-9EAD-FC32225937ED}.Debug|Any CPU.ActiveCfg = Debug|Any CPU
		{1BEE3F5C-36C9-4860-9EAD-FC32225937ED}.Debug|Any CPU.Build.0 = Debug|Any CPU
		{1BEE3F5C-36C9-4860-9EAD-FC32225937ED}.Release|Any CPU.ActiveCfg = Release|Any CPU
		{1BEE3F5C-36C9-4860-9EAD-FC32225937ED}.Release|Any CPU.Build.0 = Release|Any CPU
	EndGlobalSection
	GlobalSection(SolutionProperties) = preSolution
		HideSolutionNode = FALSE
	EndGlobalSection
	GlobalSection(NestedProjects) = preSolution
		{C8F143B1-DECB-47E4-A415-E63C7663B1E0} = {48FE8255-A671-46A9-999E-D3F0EE88CB7E}
		{2C4F4913-1404-4210-A842-1942C9121555} = {5D1C7526-6D1A-4D2D-9DE4-57CB0C132ADA}
		{7F8EF84A-E37C-4186-9E9A-8D634F851B8D} = {A7E47DA7-198F-4AE1-9AF8-5A185E61E48E}
		{1BEE3F5C-36C9-4860-9EAD-FC32225937ED} = {6470C65C-D63E-49FD-8E00-3FB842ED757E}
	EndGlobalSection
EndGlobal
